Microsoft Visual Studio Solution File, Format Version 12.00
# Visual Studio Version 17
VisualStudioVersion = 17.5.2.0
MinimumVisualStudioVersion = 10.0.40219.1
Project("{FAE04EC0-301F-11D3-BF4B-00C04F79EFBC}") = "CSharp_learning", "CSharp_learning.csproj", "{6C8C9D76-94CA-9866-8F65-151687729EF7}"
EndProject
Project("{FAE04EC0-301F-11D3-BF4B-00C04F79EFBC}") = "HelloWorld", "DummyProject\HelloWorld.csproj", "{AC9D5C73-1234-4321-ABCD-151687729EF7}"
EndProject
Global
	GlobalSection(SolutionConfigurationPlatforms) = preSolution
		Debug|Any CPU = Debug|Any CPU
		Release|Any CPU = Release|Any CPU
	EndGlobalSection
	GlobalSection(ProjectConfigurationPlatforms) = postSolution
		{6C8C9D76-94CA-9866-8F65-151687729EF7}.Debug|Any CPU.ActiveCfg = Debug|Any CPU
		{6C8C9D76-94CA-9866-8F65-151687729EF7}.Debug|Any CPU.Build.0 = Debug|Any CPU
		{6C8C9D76-94CA-9866-8F65-151687729EF7}.Release|Any CPU.ActiveCfg = Release|Any CPU
		{6C8C9D76-94CA-9866-8F65-151687729EF7}.Release|Any CPU.Build.0 = Release|Any CPU
		{AC9D5C73-1234-4321-ABCD-151687729EF7}.Debug|Any CPU.ActiveCfg = Debug|Any CPU
		{AC9D5C73-1234-4321-ABCD-151687729EF7}.Debug|Any CPU.Build.0 = Debug|Any CPU
		{AC9D5C73-1234-4321-ABCD-151687729EF7}.Release|Any CPU.ActiveCfg = Release|Any CPU
		{AC9D5C73-1234-4321-ABCD-151687729EF7}.Release|Any CPU.Build.0 = Release|Any CPU
	EndGlobalSection
	GlobalSection(SolutionProperties) = preSolution
		HideSolutionNode = FALSE
	EndGlobalSection
	GlobalSection(ExtensibilityGlobals) = postSolution
		SolutionGuid = {CE0AB285-0E70-48DE-B8FC-91FEEA959ADE}
	EndGlobalSection
EndGlobal
